// !$*UTF8*$!
{
	archiveVersion = 1;
	classes = {
	};
	objectVersion = 50;
	objects = {

/* Begin PBXBuildFile section */
		6CEEA96922D56FEF00E512E7 /* AppDelegate.swift in Sources */ = {isa = PBXBuildFile; fileRef = 6CEEA96822D56FEF00E512E7 /* AppDelegate.swift */; };
		6CEEA96B22D56FEF00E512E7 /* SceneDelegate.swift in Sources */ = {isa = PBXBuildFile; fileRef = 6CEEA96A22D56FEF00E512E7 /* SceneDelegate.swift */; };
		6CEEA96F22D56FF100E512E7 /* Assets.xcassets in Resources */ = {isa = PBXBuildFile; fileRef = 6CEEA96E22D56FF100E512E7 /* Assets.xcassets */; };
		6CEEA97222D56FF100E512E7 /* Preview Assets.xcassets in Resources */ = {isa = PBXBuildFile; fileRef = 6CEEA97122D56FF100E512E7 /* Preview Assets.xcassets */; };
		6CEEA97522D56FF100E512E7 /* LaunchScreen.storyboard in Resources */ = {isa = PBXBuildFile; fileRef = 6CEEA97322D56FF100E512E7 /* LaunchScreen.storyboard */; };
		6CEEA97D22D5729400E512E7 /* Badge.swift in Sources */ = {isa = PBXBuildFile; fileRef = 6CEEA97C22D5729400E512E7 /* Badge.swift */; };
		6CEEA97F22D5733B00E512E7 /* HexagonParameters.swift in Sources */ = {isa = PBXBuildFile; fileRef = 6CEEA97E22D5733B00E512E7 /* HexagonParameters.swift */; };
		6CEEA98122D5A69000E512E7 /* BadgeBackground.swift in Sources */ = {isa = PBXBuildFile; fileRef = 6CEEA98022D5A69000E512E7 /* BadgeBackground.swift */; };
		6CEEA98322D5A7F700E512E7 /* BadgeSymbol.swift in Sources */ = {isa = PBXBuildFile; fileRef = 6CEEA98222D5A7F700E512E7 /* BadgeSymbol.swift */; };
		6CEEA98522D5B43E00E512E7 /* RotatedBadgeSymbol.swift in Sources */ = {isa = PBXBuildFile; fileRef = 6CEEA98422D5B43E00E512E7 /* RotatedBadgeSymbol.swift */; };
/* End PBXBuildFile section */

/* Begin PBXFileReference section */
		6CEEA96522D56FEF00E512E7 /* DrawPathsAndShapes.app */ = {isa = PBXFileReference; explicitFileType = wrapper.application; includeInIndex = 0; path = DrawPathsAndShapes.app; sourceTree = BUILT_PRODUCTS_DIR; };
		6CEEA96822D56FEF00E512E7 /* AppDelegate.swift */ = {isa = PBXFileReference; lastKnownFileType = sourcecode.swift; path = AppDelegate.swift; sourceTree = "<group>"; };
		6CEEA96A22D56FEF00E512E7 /* SceneDelegate.swift */ = {isa = PBXFileReference; lastKnownFileType = sourcecode.swift; path = SceneDelegate.swift; sourceTree = "<group>"; };
		6CEEA96E22D56FF100E512E7 /* Assets.xcassets */ = {isa = PBXFileReference; lastKnownFileType = folder.assetcatalog; path = Assets.xcassets; sourceTree = "<group>"; };
		6CEEA97122D56FF100E512E7 /* Preview Assets.xcassets */ = {isa = PBXFileReference; lastKnownFileType = folder.assetcatalog; path = "Preview Assets.xcassets"; sourceTree = "<group>"; };
		6CEEA97422D56FF100E512E7 /* Base */ = {isa = PBXFileReference; lastKnownFileType = file.storyboard; name = Base; path = Base.lproj/LaunchScreen.storyboard; sourceTree = "<group>"; };
		6CEEA97622D56FF100E512E7 /* Info.plist */ = {isa = PBXFileReference; lastKnownFileType = text.plist.xml; path = Info.plist; sourceTree = "<group>"; };
		6CEEA97C22D5729400E512E7 /* Badge.swift */ = {isa = PBXFileReference; lastKnownFileType = sourcecode.swift; path = Badge.swift; sourceTree = "<group>"; };
		6CEEA97E22D5733B00E512E7 /* HexagonParameters.swift */ = {isa = PBXFileReference; lastKnownFileType = sourcecode.swift; path = HexagonParameters.swift; sourceTree = "<group>"; };
		6CEEA98022D5A69000E512E7 /* BadgeBackground.swift */ = {isa = PBXFileReference; lastKnownFileType = sourcecode.swift; path = BadgeBackground.swift; sourceTree = "<group>"; };
		6CEEA98222D5A7F700E512E7 /* BadgeSymbol.swift */ = {isa = PBXFileReference; lastKnownFileType = sourcecode.swift; path = BadgeSymbol.swift; sourceTree = "<group>"; };
		6CEEA98422D5B43E00E512E7 /* RotatedBadgeSymbol.swift */ = {isa = PBXFileReference; lastKnownFileType = sourcecode.swift; path = RotatedBadgeSymbol.swift; sourceTree = "<group>"; };
/* End PBXFileReference section */

/* Begin PBXFrameworksBuildPhase section */
		6CEEA96222D56FEF00E512E7 /* Frameworks */ = {
			isa = PBXFrameworksBuildPhase;
			buildActionMask = 2147483647;
			files = (
			);
			runOnlyForDeploymentPostprocessing = 0;
		};
/* End PBXFrameworksBuildPhase section */

/* Begin PBXGroup section */
		6CEEA95C22D56FEF00E512E7 = {
			isa = PBXGroup;
			children = (
				6CEEA96722D56FEF00E512E7 /* DrawPathsAndShapes */,
				6CEEA96622D56FEF00E512E7 /* Products */,
			);
			sourceTree = "<group>";
		};
		6CEEA96622D56FEF00E512E7 /* Products */ = {
			isa = PBXGroup;
			children = (
				6CEEA96522D56FEF00E512E7 /* DrawPathsAndShapes.app */,
			);
			name = Products;
			sourceTree = "<group>";
		};
		6CEEA96722D56FEF00E512E7 /* DrawPathsAndShapes */ = {
			isa = PBXGroup;
			children = (
				6CEEA96822D56FEF00E512E7 /* AppDelegate.swift */,
				6CEEA96A22D56FEF00E512E7 /* SceneDelegate.swift */,
				6CEEA97C22D5729400E512E7 /* Badge.swift */,
				6CEEA98022D5A69000E512E7 /* BadgeBackground.swift */,
				6CEEA98422D5B43E00E512E7 /* RotatedBadgeSymbol.swift */,
				6CEEA98222D5A7F700E512E7 /* BadgeSymbol.swift */,
				6CEEA97E22D5733B00E512E7 /* HexagonParameters.swift */,
				6CEEA96E22D56FF100E512E7 /* Assets.xcassets */,
				6CEEA97322D56FF100E512E7 /* LaunchScreen.storyboard */,
				6CEEA97622D56FF100E512E7 /* Info.plist */,
				6CEEA97022D56FF100E512E7 /* Preview Content */,
			);
			path = DrawPathsAndShapes;
			sourceTree = "<group>";
		};
		6CEEA97022D56FF100E512E7 /* Preview Content */ = {
			isa = PBXGroup;
			children = (
				6CEEA97122D56FF100E512E7 /* Preview Assets.xcassets */,
			);
			path = "Preview Content";
			sourceTree = "<group>";
		};
/* End PBXGroup section */

/* Begin PBXNativeTarget section */
		6CEEA96422D56FEF00E512E7 /* DrawPathsAndShapes */ = {
			isa = PBXNativeTarget;
			buildConfigurationList = 6CEEA97922D56FF100E512E7 /* Build configuration list for PBXNativeTarget "DrawPathsAndShapes" */;
			buildPhases = (
				6CEEA96122D56FEF00E512E7 /* Sources */,
				6CEEA96222D56FEF00E512E7 /* Frameworks */,
				6CEEA96322D56FEF00E512E7 /* Resources */,
			);
			buildRules = (
			);
			dependencies = (
			);
			name = DrawPathsAndShapes;
			productName = DrawPathsAndShapes;
			productReference = 6CEEA96522D56FEF00E512E7 /* DrawPathsAndShapes.app */;
			productType = "com.apple.product-type.application";
		};
/* End PBXNativeTarget section */

/* Begin PBXProject section */
		6CEEA95D22D56FEF00E512E7 /* Project object */ = {
			isa = PBXProject;
			attributes = {
				LastSwiftUpdateCheck = 1100;
				LastUpgradeCheck = 1100;
				ORGANIZATIONNAME = Jovins;
				TargetAttributes = {
					6CEEA96422D56FEF00E512E7 = {
						CreatedOnToolsVersion = 11.0;
					};
				};
			};
			buildConfigurationList = 6CEEA96022D56FEF00E512E7 /* Build configuration list for PBXProject "DrawPathsAndShapes" */;
			compatibilityVersion = "Xcode 9.3";
			developmentRegion = en;
			hasScannedForEncodings = 0;
			knownRegions = (
				en,
				Base,
			);
			mainGroup = 6CEEA95C22D56FEF00E512E7;
			productRefGroup = 6CEEA96622D56FEF00E512E7 /* Products */;
			projectDirPath = "";
			projectRoot = "";
			targets = (
				6CEEA96422D56FEF00E512E7 /* DrawPathsAndShapes */,
			);
		};
/* End PBXProject section */

/* Begin PBXResourcesBuildPhase section */
		6CEEA96322D56FEF00E512E7 /* Resources */ = {
			isa = PBXResourcesBuildPhase;
			buildActionMask = 2147483647;
			files = (
				6CEEA97522D56FF100E512E7 /* LaunchScreen.storyboard in Resources */,
				6CEEA97222D56FF100E512E7 /* Preview Assets.xcassets in Resources */,
				6CEEA96F22D56FF100E512E7 /* Assets.xcassets in Resources */,
			);
			runOnlyForDeploymentPostprocessing = 0;
		};
/* End PBXResourcesBuildPhase section */

/* Begin PBXSourcesBuildPhase section */
		6CEEA96122D56FEF00E512E7 /* Sources */ = {
			isa = PBXSourcesBuildPhase;
			buildActionMask = 2147483647;
			files = (
				6CEEA97F22D5733B00E512E7 /* HexagonParameters.swift in Sources */,
				6CEEA96922D56FEF00E512E7 /* AppDelegate.swift in Sources */,
				6CEEA97D22D5729400E512E7 /* Badge.swift in Sources */,
				6CEEA98122D5A69000E512E7 /* BadgeBackground.swift in Sources */,
				6CEEA96B22D56FEF00E512E7 /* SceneDelegate.swift in Sources */,
				6CEEA98522D5B43E00E512E7 /* RotatedBadgeSymbol.swift in Sources */,
				6CEEA98322D5A7F700E512E7 /* BadgeSymbol.swift in Sources */,
			);
			runOnlyForDeploymentPostprocessing = 0;
		};
/* End PBXSourcesBuildPhase section */

/* Begin PBXVariantGroup section */
		6CEEA97322D56FF100E512E7 /* LaunchScreen.storyboard */ = {
			isa = PBXVariantGroup;
			children = (
				6CEEA97422D56FF100E512E7 /* Base */,
			);
			name = LaunchScreen.storyboard;
			sourceTree = "<group>";
		};
/* End PBXVariantGroup section */

/* Begin XCBuildConfiguration section */
		6CEEA97722D56FF100E512E7 /* Debug */ = {
			isa = XCBuildConfiguration;
			buildSettings = {
				ALWAYS_SEARCH_USER_PATHS = NO;
				CLANG_ANALYZER_NONNULL = YES;
				CLANG_ANALYZER_NUMBER_OBJECT_CONVERSION = YES_AGGRESSIVE;
				CLANG_CXX_LANGUAGE_STANDARD = "gnu++14";
				CLANG_CXX_LIBRARY = "libc++";
				CLANG_ENABLE_MODULES = YES;
				CLANG_ENABLE_OBJC_ARC = YES;
				CLANG_ENABLE_OBJC_WEAK = YES;
				CLANG_WARN_BLOCK_CAPTURE_AUTORELEASING = YES;
				CLANG_WARN_BOOL_CONVERSION = YES;
				CLANG_WARN_COMMA = YES;
				CLANG_WARN_CONSTANT_CONVERSION = YES;
				CLANG_WARN_DEPRECATED_OBJC_IMPLEMENTATIONS = YES;
				CLANG_WARN_DIRECT_OBJC_ISA_USAGE = YES_ERROR;
				CLANG_WARN_DOCUMENTATION_COMMENTS = YES;
				CLANG_WARN_EMPTY_BODY = YES;
				CLANG_WARN_ENUM_CONVERSION = YES;
				CLANG_WARN_INFINITE_RECURSION = YES;
				CLANG_WARN_INT_CONVERSION = YES;
				CLANG_WARN_NON_LITERAL_NULL_CONVERSION = YES;
				CLANG_WARN_OBJC_IMPLICIT_RETAIN_SELF = YES;
				CLANG_WARN_OBJC_LITERAL_CONVERSION = YES;
				CLANG_WARN_OBJC_ROOT_CLASS = YES_ERROR;
				CLANG_WARN_RANGE_LOOP_ANALYSIS = YES;
				CLANG_WARN_STRICT_PROTOTYPES = YES;
				CLANG_WARN_SUSPICIOUS_MOVE = YES;
				CLANG_WARN_UNGUARDED_AVAILABILITY = YES_AGGRESSIVE;
				CLANG_WARN_UNREACHABLE_CODE = YES;
				CLANG_WARN__DUPLICATE_METHOD_MATCH = YES;
				COPY_PHASE_STRIP = NO;
				DEBUG_INFORMATION_FORMAT = dwarf;
				ENABLE_STRICT_OBJC_MSGSEND = YES;
				ENABLE_TESTABILITY = YES;
				GCC_C_LANGUAGE_STANDARD = gnu11;
				GCC_DYNAMIC_NO_PIC = NO;
				GCC_NO_COMMON_BLOCKS = YES;
				GCC_OPTIMIZATION_LEVEL = 0;
				GCC_PREPROCESSOR_DEFINITIONS = (
					"DEBUG=1",
					"$(inherited)",
				);
				GCC_WARN_64_TO_32_BIT_CONVERSION = YES;
				GCC_WARN_ABOUT_RETURN_TYPE = YES_ERROR;
				GCC_WARN_UNDECLARED_SELECTOR = YES;
				GCC_WARN_UNINITIALIZED_AUTOS = YES_AGGRESSIVE;
				GCC_WARN_UNUSED_FUNCTION = YES;
				GCC_WARN_UNUSED_VARIABLE = YES;
				IPHONEOS_DEPLOYMENT_TARGET = 13.0;
				MTL_ENABLE_DEBUG_INFO = INCLUDE_SOURCE;
				MTL_FAST_MATH = YES;
				ONLY_ACTIVE_ARCH = YES;
				SDKROOT = iphoneos;
				SWIFT_ACTIVE_COMPILATION_CONDITIONS = DEBUG;
				SWIFT_OPTIMIZATION_LEVEL = "-Onone";
			};
			name = Debug;
		};
		6CEEA97822D56FF100E512E7 /* Release */ = {
			isa = XCBuildConfiguration;
			buildSettings = {
				ALWAYS_SEARCH_USER_PATHS = NO;
				CLANG_ANALYZER_NONNULL = YES;
				CLANG_ANALYZER_NUMBER_OBJECT_CONVERSION = YES_AGGRESSIVE;
				CLANG_CXX_LANGUAGE_STANDARD = "gnu++14";
				CLANG_CXX_LIBRARY = "libc++";
				CLANG_ENABLE_MODULES = YES;
				CLANG_ENABLE_OBJC_ARC = YES;
				CLANG_ENABLE_OBJC_WEAK = YES;
				CLANG_WARN_BLOCK_CAPTURE_AUTORELEASING = YES;
				CLANG_WARN_BOOL_CONVERSION = YES;
				CLANG_WARN_COMMA = YES;
				CLANG_WARN_CONSTANT_CONVERSION = YES;
				CLANG_WARN_DEPRECATED_OBJC_IMPLEMENTATIONS = YES;
				CLANG_WARN_DIRECT_OBJC_ISA_USAGE = YES_ERROR;
				CLANG_WARN_DOCUMENTATION_COMMENTS = YES;
				CLANG_WARN_EMPTY_BODY = YES;
				CLANG_WARN_ENUM_CONVERSION = YES;
				CLANG_WARN_INFINITE_RECURSION = YES;
				CLANG_WARN_INT_CONVERSION = YES;
				CLANG_WARN_NON_LITERAL_NULL_CONVERSION = YES;
				CLANG_WARN_OBJC_IMPLICIT_RETAIN_SELF = YES;
				CLANG_WARN_OBJC_LITERAL_CONVERSION = YES;
				CLANG_WARN_OBJC_ROOT_CLASS = YES_ERROR;
				CLANG_WARN_RANGE_LOOP_ANALYSIS = YES;
				CLANG_WARN_STRICT_PROTOTYPES = YES;
				CLANG_WARN_SUSPICIOUS_MOVE = YES;
				CLANG_WARN_UNGUARDED_AVAILABILITY = YES_AGGRESSIVE;
				CLANG_WARN_UNREACHABLE_CODE = YES;
				CLANG_WARN__DUPLICATE_METHOD_MATCH = YES;
				COPY_PHASE_STRIP = NO;
				DEBUG_INFORMATION_FORMAT = "dwarf-with-dsym";
				ENABLE_NS_ASSERTIONS = NO;
				ENABLE_STRICT_OBJC_MSGSEND = YES;
				GCC_C_LANGUAGE_STANDARD = gnu11;
				GCC_NO_COMMON_BLOCKS = YES;
				GCC_WARN_64_TO_32_BIT_CONVERSION = YES;
				GCC_WARN_ABOUT_RETURN_TYPE = YES_ERROR;
				GCC_WARN_UNDECLARED_SELECTOR = YES;
				GCC_WARN_UNINITIALIZED_AUTOS = YES_AGGRESSIVE;
				GCC_WARN_UNUSED_FUNCTION = YES;
				GCC_WARN_UNUSED_VARIABLE = YES;
				IPHONEOS_DEPLOYMENT_TARGET = 13.0;
				MTL_ENABLE_DEBUG_INFO = NO;
				MTL_FAST_MATH = YES;
				SDKROOT = iphoneos;
				SWIFT_COMPILATION_MODE = wholemodule;
				SWIFT_OPTIMIZATION_LEVEL = "-O";
				VALIDATE_PRODUCT = YES;
			};
			name = Release;
		};
		6CEEA97A22D56FF100E512E7 /* Debug */ = {
			isa = XCBuildConfiguration;
			buildSettings = {
				ASSETCATALOG_COMPILER_APPICON_NAME = AppIcon;
				CODE_SIGN_STYLE = Automatic;
				DEVELOPMENT_ASSET_PATHS = "DrawPathsAndShapes/Preview\\ Content";
				DEVELOPMENT_TEAM = MD8YNK6Q92;
				ENABLE_PREVIEWS = YES;
				INFOPLIST_FILE = DrawPathsAndShapes/Info.plist;
				LD_RUNPATH_SEARCH_PATHS = (
					"$(inherited)",
					"@executable_path/Frameworks",
				);
				PRODUCT_BUNDLE_IDENTIFIER = com.Jovins.DrawPathsAndShapes;
				PRODUCT_NAME = "$(TARGET_NAME)";
				SWIFT_VERSION = 5.0;
				TARGETED_DEVICE_FAMILY = "1,2";
			};
			name = Debug;
		};
		6CEEA97B22D56FF100E512E7 /* Release */ = {
			isa = XCBuildConfiguration;
			buildSettings = {
				ASSETCATALOG_COMPILER_APPICON_NAME = AppIcon;
				CODE_SIGN_STYLE = Automatic;
				DEVELOPMENT_ASSET_PATHS = "DrawPathsAndShapes/Preview\\ Content";
				DEVELOPMENT_TEAM = MD8YNK6Q92;
				ENABLE_PREVIEWS = YES;
				INFOPLIST_FILE = DrawPathsAndShapes/Info.plist;
				LD_RUNPATH_SEARCH_PATHS = (
					"$(inherited)",
					"@executable_path/Frameworks",
				);
				PRODUCT_BUNDLE_IDENTIFIER = com.Jovins.DrawPathsAndShapes;
				PRODUCT_NAME = "$(TARGET_NAME)";
				SWIFT_VERSION = 5.0;
				TARGETED_DEVICE_FAMILY = "1,2";
			};
			name = Release;
		};
/* End XCBuildConfiguration section */

/* Begin XCConfigurationList section */
		6CEEA96022D56FEF00E512E7 /* Build configuration list for PBXProject "DrawPathsAndShapes" */ = {
			isa = XCConfigurationList;
			buildConfigurations = (
				6CEEA97722D56FF100E512E7 /* Debug */,
				6CEEA97822D56FF100E512E7 /* Release */,
			);
			defaultConfigurationIsVisible = 0;
			defaultConfigurationName = Release;
		};
		6CEEA97922D56FF100E512E7 /* Build configuration list for PBXNativeTarget "DrawPathsAndShapes" */ = {
			isa = XCConfigurationList;
			buildConfigurations = (
				6CEEA97A22D56FF100E512E7 /* Debug */,
				6CEEA97B22D56FF100E512E7 /* Release */,
			);
			defaultConfigurationIsVisible = 0;
			defaultConfigurationName = Release;
		};
/* End XCConfigurationList section */
	};
	rootObject = 6CEEA95D22D56FEF00E512E7 /* Project object */;
}
